{
  "object": {
    "pins": [
      {
        "package": "DeltaCore",
        "repositoryURL": "https://github.com/LitRitt/DeltaCore.git",
        "state": {
          "branch": "main",
          "revision": "eb1285a40a23363e8373d0b52997adf8df9c6779",
          "version": null
        }
      },
      {
        "package": "ZIPFoundation",
        "repositoryURL": "https://github.com/weichsel/ZIPFoundation.git",
        "state": {
          "branch": null,
          "revision": "02b6abe5f6eef7e3cbd5f247c5cc24e246efcfe0",
          "version": "0.9.19"
        }
      }
    ]
  },
  "version": 1
}
